{
  "nodes": {
    "darwin": {
      "inputs": {
        "nixpkgs": [
          "nixpkgs"
        ]
      },
      "locked": {
        "lastModified": 1619447463,
        "narHash": "sha256-Ry5JebTqYCXOvsJOYefqQwqQdrGkLEr2Ldkj0KTKsZ4=",
        "owner": "ihsanturk",
        "repo": "nix-darwin",
        "rev": "80e59468bff80c9ef3d583c171b2513c88fa172d",
        "type": "github"
      },
      "original": {
        "owner": "ihsanturk",
        "repo": "nix-darwin",
        "type": "github"
      }
    },
    "flake-compat": {
      "flake": false,
      "locked": {
        "lastModified": 1606424373,
        "narHash": "sha256-oq8d4//CJOrVj+EcOaSXvMebvuTkmBJuT5tzlfewUnQ=",
        "owner": "edolstra",
        "repo": "flake-compat",
        "rev": "99f1c2157fba4bfe6211a321fd0ee43199025dbf",
        "type": "github"
      },
      "original": {
        "owner": "edolstra",
        "repo": "flake-compat",
        "type": "github"
      }
    },
    "flake-utils": {
      "locked": {
        "lastModified": 1610051610,
        "narHash": "sha256-U9rPz/usA1/Aohhk7Cmc2gBrEEKRzcW4nwPWMPwja4Y=",
        "owner": "numtide",
        "repo": "flake-utils",
        "rev": "3982c9903e93927c2164caa727cd3f6a0e6d14cc",
        "type": "github"
      },
      "original": {
        "owner": "numtide",
        "repo": "flake-utils",
        "type": "github"
      }
    },
    "flake-utils_2": {
      "locked": {
        "lastModified": 1614513358,
        "narHash": "sha256-LakhOx3S1dRjnh0b5Dg3mbZyH0ToC9I8Y2wKSkBaTzU=",
        "owner": "numtide",
        "repo": "flake-utils",
        "rev": "5466c5bbece17adaab2d82fae80b46e807611bf3",
        "type": "github"
      },
      "original": {
        "owner": "numtide",
        "repo": "flake-utils",
        "type": "github"
      }
    },
    "home-manager": {
      "inputs": {
        "nixpkgs": "nixpkgs"
      },
      "locked": {
        "lastModified": 1619820677,
        "narHash": "sha256-mNz58JzgB7mWSujih0PC0FJ/XUFtysHVGi2JPvG/okg=",
        "owner": "nix-community",
        "repo": "home-manager",
        "rev": "2eed1380266cf6d0f48a90ba24131fc8f65a4f61",
        "type": "github"
      },
      "original": {
        "owner": "nix-community",
        "repo": "home-manager",
        "type": "github"
      }
    },
    "neovim-flake": {
      "inputs": {
        "flake-utils": "flake-utils",
        "nixpkgs": [
          "nixpkgs"
        ]
      },
      "locked": {
        "dir": "contrib",
        "lastModified": 1619807867,
        "narHash": "sha256-4qlgjgvnsWl/RitVB9qrnHprtMPehB3gkKq1XH/iLpk=",
        "owner": "neovim",
        "repo": "neovim",
        "rev": "0150cc41604ebb1b5b5f6920cf4673e541684e75",
        "type": "github"
      },
      "original": {
        "dir": "contrib",
        "owner": "neovim",
        "repo": "neovim",
        "type": "github"
      }
    },
    "neovim-nightly-overlay": {
      "inputs": {
        "flake-compat": "flake-compat",
        "neovim-flake": "neovim-flake",
        "nixpkgs": "nixpkgs_2"
      },
      "locked": {
        "lastModified": 1619856862,
        "narHash": "sha256-qNBPMGZs3VjAMgxcm7jEZHlEerxeuNgn8FBwGwdyLPw=",
        "owner": "nix-community",
        "repo": "neovim-nightly-overlay",
        "rev": "412d2f01667d526b4f9f610fccf1e1d5abc8c459",
        "type": "github"
      },
      "original": {
        "owner": "nix-community",
        "repo": "neovim-nightly-overlay",
        "type": "github"
      }
    },
    "nixpkgs": {
      "locked": {
        "lastModified": 1619875468,
        "narHash": "sha256-eGRzfJeQOnqA0jGnR/0H9NfsZdaxUdQZRAeedwGahh0=",
        "owner": "NixOS",
        "repo": "nixpkgs",
        "rev": "20935f3e296519a21d195de148b08dc7ccb726cd",
        "type": "github"
      },
      "original": {
        "id": "nixpkgs",
        "type": "indirect"
      }
    },
    "nixpkgs_2": {
      "locked": {
        "lastModified": 1619464443,
        "narHash": "sha256-R7WAb8EnkIJxxaF6GTHUPytjonhB4Zm0iatyWoW169A=",
        "owner": "nixos",
        "repo": "nixpkgs",
        "rev": "8e4fe32876ca15e3d5eb3ecd3ca0b224417f5f17",
        "type": "github"
      },
      "original": {
        "owner": "nixos",
        "ref": "nixos-unstable",
        "repo": "nixpkgs",
        "type": "github"
      }
    },
    "nixpkgs_3": {
      "locked": {
        "narHash": "sha256-si7h4y6kVO9vi+fTjwPaCyG+KDTukU5WsgtUn3cJEvs=",
        "path": "/Users/ihsan/code/github.com/nixos/nixpkgs",
        "type": "path"
      },
      "original": {
        "path": "/Users/ihsan/code/github.com/nixos/nixpkgs",
        "type": "path"
      }
    },
    "nixpkgs_4": {
      "locked": {
        "lastModified": 1615532953,
        "narHash": "sha256-SWpaGjrp/INzorEqMz3HLi6Uuk9I0KAn4YS8B4n3q5g=",
        "owner": "NixOS",
        "repo": "nixpkgs",
        "rev": "916ee862e87ac5ee2439f2fb7856386b4dc906ae",
        "type": "github"
      },
      "original": {
        "owner": "NixOS",
        "ref": "nixos-unstable",
        "repo": "nixpkgs",
        "type": "github"
      }
    },
    "root": {
      "inputs": {
        "darwin": "darwin",
        "home-manager": "home-manager",
        "neovim-nightly-overlay": "neovim-nightly-overlay",
        "nixpkgs": "nixpkgs_3",
        "solar": "solar"
      }
    },
    "solar": {
      "inputs": {
        "flake-utils": "flake-utils_2",
        "nixpkgs": "nixpkgs_4"
      },
      "locked": {
        "lastModified": 1615930603,
        "narHash": "sha256-+Yj/a9MNKv3AU+DfKVti9kBf8FjAQg/6ucpx+6S1Qok=",
        "owner": "ihsanturk",
        "repo": "solar",
        "rev": "aa3b25a3f34cc6aa584796c509f023a8f6cb6454",
        "type": "github"
      },
      "original": {
        "owner": "ihsanturk",
        "repo": "solar",
        "type": "github"
      }
    }
  },
  "root": "root",
  "version": 7
}
